
Microsoft Visual Studio Solution File, Format Version 12.00
Project("{FAE04EC0-301F-11D3-BF4B-00C04F79EFBC}") = "cinema-web-app", "cinema-web-app\cinema-web-app.csproj", "{120C95E8-3FF3-4BF9-A37A-7E33E79840B6}"
EndProject
Global
	GlobalSection(SolutionConfigurationPlatforms) = preSolution
		Debug|Any CPU = Debug|Any CPU
		Release|Any CPU = Release|Any CPU
	EndGlobalSection
	GlobalSection(ProjectConfigurationPlatforms) = postSolution
		{120C95E8-3FF3-4BF9-A37A-7E33E79840B6}.Debug|Any CPU.ActiveCfg = Debug|Any CPU
		{120C95E8-3FF3-4BF9-A37A-7E33E79840B6}.Debug|Any CPU.Build.0 = Debug|Any CPU
		{120C95E8-3FF3-4BF9-A37A-7E33E79840B6}.Release|Any CPU.ActiveCfg = Release|Any CPU
		{120C95E8-3FF3-4BF9-A37A-7E33E79840B6}.Release|Any CPU.Build.0 = Release|Any CPU
	EndGlobalSection
EndGlobal
